{
  "name": "ca-timeline",
  "lockfileVersion": 3,
  "requires": true,
  "packages": {
    "": {
      "dependencies": {
        "world-geojson": "^3.4.0"
      }
    },
    "node_modules/world-geojson": {
      "version": "3.4.0",
      "resolved": "https://registry.npmjs.org/world-geojson/-/world-geojson-3.4.0.tgz",
      "integrity": "sha512-Nd+ciBnmSpvZEkPee4fPRtDWsM5mFDJMk87IamfTCsewcovLCp6IzdmgJvYJ2cDTKh5MEvhozgFxpWB/HKAuVA==",
      "license": "GPL-3.0-or-later"
    }
  }
}
